// !$*UTF8*$!
{
	archiveVersion = 1;
	classes = {
	};
	objectVersion = 46;
	objects = {

/* Begin PBXBuildFile section */
		21F56C341AF22B6700E47BD8 /* UIImage+KRKit.h in Headers */ = {isa = PBXBuildFile; fileRef = 21F56C2E1AF22B6700E47BD8 /* UIImage+KRKit.h */; };
		21F56C351AF22B6700E47BD8 /* UIImage+KRKit.m in Sources */ = {isa = PBXBuildFile; fileRef = 21F56C2F1AF22B6700E47BD8 /* UIImage+KRKit.m */; };
		21F56C361AF22B6700E47BD8 /* UIImageView+KRKit.h in Headers */ = {isa = PBXBuildFile; fileRef = 21F56C301AF22B6700E47BD8 /* UIImageView+KRKit.h */; };
		21F56C371AF22B6700E47BD8 /* UIImageView+KRKit.m in Sources */ = {isa = PBXBuildFile; fileRef = 21F56C311AF22B6700E47BD8 /* UIImageView+KRKit.m */; };
		21F56C381AF22B6700E47BD8 /* UIView+KRKit.h in Headers */ = {isa = PBXBuildFile; fileRef = 21F56C321AF22B6700E47BD8 /* UIView+KRKit.h */; };
		21F56C391AF22B6700E47BD8 /* UIView+KRKit.m in Sources */ = {isa = PBXBuildFile; fileRef = 21F56C331AF22B6700E47BD8 /* UIView+KRKit.m */; };
		BC6CBF871AF8C9C900BC45C5 /* UIColor+KRKit.h in Headers */ = {isa = PBXBuildFile; fileRef = BC6CBF851AF8C9C900BC45C5 /* UIColor+KRKit.h */; };
		BC6CBF881AF8C9C900BC45C5 /* UIColor+KRKit.m in Sources */ = {isa = PBXBuildFile; fileRef = BC6CBF861AF8C9C900BC45C5 /* UIColor+KRKit.m */; };
		BC79713C1AF1E3090073F077 /* KRKit.framework in Frameworks */ = {isa = PBXBuildFile; fileRef = BC7971301AF1E3090073F077 /* KRKit.framework */; };
		BC7971431AF1E3090073F077 /* KRKitTests.m in Sources */ = {isa = PBXBuildFile; fileRef = BC7971421AF1E3090073F077 /* KRKitTests.m */; };
		BC7971881AF2005A0073F077 /* NSArray+KRKit.h in Headers */ = {isa = PBXBuildFile; fileRef = BC7971751AF2005A0073F077 /* NSArray+KRKit.h */; };
		BC7971891AF2005A0073F077 /* NSArray+KRKit.m in Sources */ = {isa = PBXBuildFile; fileRef = BC7971761AF2005A0073F077 /* NSArray+KRKit.m */; };
		BC79718A1AF2005A0073F077 /* NSDictionary+KRKit.h in Headers */ = {isa = PBXBuildFile; fileRef = BC7971771AF2005A0073F077 /* NSDictionary+KRKit.h */; };
		BC79718B1AF2005A0073F077 /* NSDictionary+KRKit.m in Sources */ = {isa = PBXBuildFile; fileRef = BC7971781AF2005A0073F077 /* NSDictionary+KRKit.m */; };
		BC79718C1AF2005A0073F077 /* NSMutableArray+KRKit.h in Headers */ = {isa = PBXBuildFile; fileRef = BC7971791AF2005A0073F077 /* NSMutableArray+KRKit.h */; };
		BC79718D1AF2005A0073F077 /* NSMutableArray+KRKit.m in Sources */ = {isa = PBXBuildFile; fileRef = BC79717A1AF2005A0073F077 /* NSMutableArray+KRKit.m */; };
		BC79718E1AF2005A0073F077 /* NSMutableDictionary+KRKit.h in Headers */ = {isa = PBXBuildFile; fileRef = BC79717B1AF2005A0073F077 /* NSMutableDictionary+KRKit.h */; };
		BC79718F1AF2005A0073F077 /* NSMutableDictionary+KRKit.m in Sources */ = {isa = PBXBuildFile; fileRef = BC79717C1AF2005A0073F077 /* NSMutableDictionary+KRKit.m */; };
		BC7971921AF2005A0073F077 /* NSMutableString+KRKit.h in Headers */ = {isa = PBXBuildFile; fileRef = BC79717F1AF2005A0073F077 /* NSMutableString+KRKit.h */; };
		BC7971931AF2005A0073F077 /* NSMutableString+KRKit.m in Sources */ = {isa = PBXBuildFile; fileRef = BC7971801AF2005A0073F077 /* NSMutableString+KRKit.m */; };
		BC7971941AF2005A0073F077 /* NSObject+KRKit.h in Headers */ = {isa = PBXBuildFile; fileRef = BC7971811AF2005A0073F077 /* NSObject+KRKit.h */; };
		BC7971951AF2005A0073F077 /* NSObject+KRKit.m in Sources */ = {isa = PBXBuildFile; fileRef = BC7971821AF2005A0073F077 /* NSObject+KRKit.m */; };
		BC7971981AF2005A0073F077 /* NSString+KRKit.h in Headers */ = {isa = PBXBuildFile; fileRef = BC7971851AF2005A0073F077 /* NSString+KRKit.h */; };
		BC7971991AF2005A0073F077 /* NSString+KRKit.m in Sources */ = {isa = PBXBuildFile; fileRef = BC7971861AF2005A0073F077 /* NSString+KRKit.m */; };
		BC79719A1AF2005A0073F077 /* KRKit.h in Headers */ = {isa = PBXBuildFile; fileRef = BC7971871AF2005A0073F077 /* KRKit.h */; };
		BC7972051AF21FF10073F077 /* NSAttributedString+KRKit.h in Headers */ = {isa = PBXBuildFile; fileRef = BC7972031AF21FF10073F077 /* NSAttributedString+KRKit.h */; };
		BC7972061AF21FF10073F077 /* NSAttributedString+KRKit.m in Sources */ = {isa = PBXBuildFile; fileRef = BC7972041AF21FF10073F077 /* NSAttributedString+KRKit.m */; };
		BC7972091AF220630073F077 /* NSMutableAttributedString+KRKit.h in Headers */ = {isa = PBXBuildFile; fileRef = BC7972071AF220630073F077 /* NSMutableAttributedString+KRKit.h */; };
		BC79720A1AF220630073F077 /* NSMutableAttributedString+KRKit.m in Sources */ = {isa = PBXBuildFile; fileRef = BC7972081AF220630073F077 /* NSMutableAttributedString+KRKit.m */; };
		BCA862361B10150F00BD22DA /* main.m in Sources */ = {isa = PBXBuildFile; fileRef = BCA862351B10150F00BD22DA /* main.m */; };
		BCA862391B10150F00BD22DA /* AppDelegate.m in Sources */ = {isa = PBXBuildFile; fileRef = BCA862381B10150F00BD22DA /* AppDelegate.m */; };
		BCA8623C1B10150F00BD22DA /* FirstViewController.m in Sources */ = {isa = PBXBuildFile; fileRef = BCA8623B1B10150F00BD22DA /* FirstViewController.m */; };
		BCA8623F1B10150F00BD22DA /* SecondViewController.m in Sources */ = {isa = PBXBuildFile; fileRef = BCA8623E1B10150F00BD22DA /* SecondViewController.m */; };
		BCA862421B10150F00BD22DA /* Main.storyboard in Resources */ = {isa = PBXBuildFile; fileRef = BCA862401B10150F00BD22DA /* Main.storyboard */; };
		BCA862441B10150F00BD22DA /* Images.xcassets in Resources */ = {isa = PBXBuildFile; fileRef = BCA862431B10150F00BD22DA /* Images.xcassets */; };
		BCA862471B10150F00BD22DA /* LaunchScreen.xib in Resources */ = {isa = PBXBuildFile; fileRef = BCA862451B10150F00BD22DA /* LaunchScreen.xib */; };
		BCA862531B10150F00BD22DA /* KRKitDemoTests.m in Sources */ = {isa = PBXBuildFile; fileRef = BCA862521B10150F00BD22DA /* KRKitDemoTests.m */; };
		BCA8625E1B10186300BD22DA /* KRKit.framework in Frameworks */ = {isa = PBXBuildFile; fileRef = BC7971301AF1E3090073F077 /* KRKit.framework */; };
		BCA862621B10187C00BD22DA /* KRKit.framework in Embed Frameworks */ = {isa = PBXBuildFile; fileRef = BC7971301AF1E3090073F077 /* KRKit.framework */; settings = {ATTRIBUTES = (CodeSignOnCopy, RemoveHeadersOnCopy, ); }; };
		BCC159311AFB518A0084AC72 /* KRMacro.h in Sources */ = {isa = PBXBuildFile; fileRef = BCC159301AFB518A0084AC72 /* KRMacro.h */; };
		BCCF014C1AFE2D3800941B4E /* KRImageLabelView.h in Headers */ = {isa = PBXBuildFile; fileRef = BCCF014A1AFE2D3800941B4E /* KRImageLabelView.h */; };
		BCCF014D1AFE2D3800941B4E /* KRImageLabelView.m in Sources */ = {isa = PBXBuildFile; fileRef = BCCF014B1AFE2D3800941B4E /* KRImageLabelView.m */; };
/* End PBXBuildFile section */

/* Begin PBXContainerItemProxy section */
		BC79713D1AF1E3090073F077 /* PBXContainerItemProxy */ = {
			isa = PBXContainerItemProxy;
			containerPortal = BC7971271AF1E3080073F077 /* Project object */;
			proxyType = 1;
			remoteGlobalIDString = BC79712F1AF1E3090073F077;
			remoteInfo = KRKit;
		};
		BCA8624D1B10150F00BD22DA /* PBXContainerItemProxy */ = {
			isa = PBXContainerItemProxy;
			containerPortal = BC7971271AF1E3080073F077 /* Project object */;
			proxyType = 1;
			remoteGlobalIDString = BCA862301B10150F00BD22DA;
			remoteInfo = KRKitDemo;
		};
		BCA8625F1B10186600BD22DA /* PBXContainerItemProxy */ = {
			isa = PBXContainerItemProxy;
			containerPortal = BC7971271AF1E3080073F077 /* Project object */;
			proxyType = 1;
			remoteGlobalIDString = BC79712F1AF1E3090073F077;
			remoteInfo = KRKit;
		};
/* End PBXContainerItemProxy section */

/* Begin PBXCopyFilesBuildPhase section */
		BCA862631B10187C00BD22DA /* Embed Frameworks */ = {
			isa = PBXCopyFilesBuildPhase;
			buildActionMask = 2147483647;
			dstPath = "";
			dstSubfolderSpec = 10;
			files = (
				BCA862621B10187C00BD22DA /* KRKit.framework in Embed Frameworks */,
			);
			name = "Embed Frameworks";
			runOnlyForDeploymentPostprocessing = 0;
		};
/* End PBXCopyFilesBuildPhase section */

/* Begin PBXFileReference section */
		21F56C2E1AF22B6700E47BD8 /* UIImage+KRKit.h */ = {isa = PBXFileReference; fileEncoding = 4; lastKnownFileType = sourcecode.c.h; path = "UIImage+KRKit.h"; sourceTree = "<group>"; };
		21F56C2F1AF22B6700E47BD8 /* UIImage+KRKit.m */ = {isa = PBXFileReference; fileEncoding = 4; lastKnownFileType = sourcecode.c.objc; path = "UIImage+KRKit.m"; sourceTree = "<group>"; };
		21F56C301AF22B6700E47BD8 /* UIImageView+KRKit.h */ = {isa = PBXFileReference; fileEncoding = 4; lastKnownFileType = sourcecode.c.h; path = "UIImageView+KRKit.h"; sourceTree = "<group>"; };
		21F56C311AF22B6700E47BD8 /* UIImageView+KRKit.m */ = {isa = PBXFileReference; fileEncoding = 4; lastKnownFileType = sourcecode.c.objc; path = "UIImageView+KRKit.m"; sourceTree = "<group>"; };
		21F56C321AF22B6700E47BD8 /* UIView+KRKit.h */ = {isa = PBXFileReference; fileEncoding = 4; lastKnownFileType = sourcecode.c.h; path = "UIView+KRKit.h"; sourceTree = "<group>"; };
		21F56C331AF22B6700E47BD8 /* UIView+KRKit.m */ = {isa = PBXFileReference; fileEncoding = 4; lastKnownFileType = sourcecode.c.objc; path = "UIView+KRKit.m"; sourceTree = "<group>"; };
		BC6CBF851AF8C9C900BC45C5 /* UIColor+KRKit.h */ = {isa = PBXFileReference; fileEncoding = 4; lastKnownFileType = sourcecode.c.h; path = "UIColor+KRKit.h"; sourceTree = "<group>"; };
		BC6CBF861AF8C9C900BC45C5 /* UIColor+KRKit.m */ = {isa = PBXFileReference; fileEncoding = 4; lastKnownFileType = sourcecode.c.objc; path = "UIColor+KRKit.m"; sourceTree = "<group>"; };
		BC7971301AF1E3090073F077 /* KRKit.framework */ = {isa = PBXFileReference; explicitFileType = wrapper.framework; includeInIndex = 0; path = KRKit.framework; sourceTree = BUILT_PRODUCTS_DIR; };
		BC7971341AF1E3090073F077 /* Info.plist */ = {isa = PBXFileReference; lastKnownFileType = text.plist.xml; path = Info.plist; sourceTree = "<group>"; };
		BC79713B1AF1E3090073F077 /* KRKitTests.xctest */ = {isa = PBXFileReference; explicitFileType = wrapper.cfbundle; includeInIndex = 0; path = KRKitTests.xctest; sourceTree = BUILT_PRODUCTS_DIR; };
		BC7971411AF1E3090073F077 /* Info.plist */ = {isa = PBXFileReference; lastKnownFileType = text.plist.xml; path = Info.plist; sourceTree = "<group>"; };
		BC7971421AF1E3090073F077 /* KRKitTests.m */ = {isa = PBXFileReference; lastKnownFileType = sourcecode.c.objc; path = KRKitTests.m; sourceTree = "<group>"; };
		BC7971751AF2005A0073F077 /* NSArray+KRKit.h */ = {isa = PBXFileReference; fileEncoding = 4; lastKnownFileType = sourcecode.c.h; path = "NSArray+KRKit.h"; sourceTree = "<group>"; };
		BC7971761AF2005A0073F077 /* NSArray+KRKit.m */ = {isa = PBXFileReference; fileEncoding = 4; lastKnownFileType = sourcecode.c.objc; path = "NSArray+KRKit.m"; sourceTree = "<group>"; };
		BC7971771AF2005A0073F077 /* NSDictionary+KRKit.h */ = {isa = PBXFileReference; fileEncoding = 4; lastKnownFileType = sourcecode.c.h; path = "NSDictionary+KRKit.h"; sourceTree = "<group>"; };
		BC7971781AF2005A0073F077 /* NSDictionary+KRKit.m */ = {isa = PBXFileReference; fileEncoding = 4; lastKnownFileType = sourcecode.c.objc; path = "NSDictionary+KRKit.m"; sourceTree = "<group>"; };
		BC7971791AF2005A0073F077 /* NSMutableArray+KRKit.h */ = {isa = PBXFileReference; fileEncoding = 4; lastKnownFileType = sourcecode.c.h; path = "NSMutableArray+KRKit.h"; sourceTree = "<group>"; };
		BC79717A1AF2005A0073F077 /* NSMutableArray+KRKit.m */ = {isa = PBXFileReference; fileEncoding = 4; lastKnownFileType = sourcecode.c.objc; path = "NSMutableArray+KRKit.m"; sourceTree = "<group>"; };
		BC79717B1AF2005A0073F077 /* NSMutableDictionary+KRKit.h */ = {isa = PBXFileReference; fileEncoding = 4; lastKnownFileType = sourcecode.c.h; path = "NSMutableDictionary+KRKit.h"; sourceTree = "<group>"; };
		BC79717C1AF2005A0073F077 /* NSMutableDictionary+KRKit.m */ = {isa = PBXFileReference; fileEncoding = 4; lastKnownFileType = sourcecode.c.objc; path = "NSMutableDictionary+KRKit.m"; sourceTree = "<group>"; };
		BC79717F1AF2005A0073F077 /* NSMutableString+KRKit.h */ = {isa = PBXFileReference; fileEncoding = 4; lastKnownFileType = sourcecode.c.h; path = "NSMutableString+KRKit.h"; sourceTree = "<group>"; };
		BC7971801AF2005A0073F077 /* NSMutableString+KRKit.m */ = {isa = PBXFileReference; fileEncoding = 4; lastKnownFileType = sourcecode.c.objc; path = "NSMutableString+KRKit.m"; sourceTree = "<group>"; };
		BC7971811AF2005A0073F077 /* NSObject+KRKit.h */ = {isa = PBXFileReference; fileEncoding = 4; lastKnownFileType = sourcecode.c.h; path = "NSObject+KRKit.h"; sourceTree = "<group>"; };
		BC7971821AF2005A0073F077 /* NSObject+KRKit.m */ = {isa = PBXFileReference; fileEncoding = 4; lastKnownFileType = sourcecode.c.objc; path = "NSObject+KRKit.m"; sourceTree = "<group>"; };
		BC7971851AF2005A0073F077 /* NSString+KRKit.h */ = {isa = PBXFileReference; fileEncoding = 4; lastKnownFileType = sourcecode.c.h; path = "NSString+KRKit.h"; sourceTree = "<group>"; };
		BC7971861AF2005A0073F077 /* NSString+KRKit.m */ = {isa = PBXFileReference; fileEncoding = 4; lastKnownFileType = sourcecode.c.objc; path = "NSString+KRKit.m"; sourceTree = "<group>"; };
		BC7971871AF2005A0073F077 /* KRKit.h */ = {isa = PBXFileReference; fileEncoding = 4; lastKnownFileType = sourcecode.c.h; path = KRKit.h; sourceTree = "<group>"; };
		BC7972031AF21FF10073F077 /* NSAttributedString+KRKit.h */ = {isa = PBXFileReference; fileEncoding = 4; lastKnownFileType = sourcecode.c.h; path = "NSAttributedString+KRKit.h"; sourceTree = "<group>"; };
		BC7972041AF21FF10073F077 /* NSAttributedString+KRKit.m */ = {isa = PBXFileReference; fileEncoding = 4; lastKnownFileType = sourcecode.c.objc; path = "NSAttributedString+KRKit.m"; sourceTree = "<group>"; };
		BC7972071AF220630073F077 /* NSMutableAttributedString+KRKit.h */ = {isa = PBXFileReference; fileEncoding = 4; lastKnownFileType = sourcecode.c.h; path = "NSMutableAttributedString+KRKit.h"; sourceTree = "<group>"; };
		BC7972081AF220630073F077 /* NSMutableAttributedString+KRKit.m */ = {isa = PBXFileReference; fileEncoding = 4; lastKnownFileType = sourcecode.c.objc; path = "NSMutableAttributedString+KRKit.m"; sourceTree = "<group>"; };
		BCA862311B10150F00BD22DA /* KRKitDemo.app */ = {isa = PBXFileReference; explicitFileType = wrapper.application; includeInIndex = 0; path = KRKitDemo.app; sourceTree = BUILT_PRODUCTS_DIR; };
		BCA862341B10150F00BD22DA /* Info.plist */ = {isa = PBXFileReference; lastKnownFileType = text.plist.xml; path = Info.plist; sourceTree = "<group>"; };
		BCA862351B10150F00BD22DA /* main.m */ = {isa = PBXFileReference; lastKnownFileType = sourcecode.c.objc; path = main.m; sourceTree = "<group>"; };
		BCA862371B10150F00BD22DA /* AppDelegate.h */ = {isa = PBXFileReference; lastKnownFileType = sourcecode.c.h; path = AppDelegate.h; sourceTree = "<group>"; };
		BCA862381B10150F00BD22DA /* AppDelegate.m */ = {isa = PBXFileReference; lastKnownFileType = sourcecode.c.objc; path = AppDelegate.m; sourceTree = "<group>"; };
		BCA8623A1B10150F00BD22DA /* FirstViewController.h */ = {isa = PBXFileReference; lastKnownFileType = sourcecode.c.h; path = FirstViewController.h; sourceTree = "<group>"; };
		BCA8623B1B10150F00BD22DA /* FirstViewController.m */ = {isa = PBXFileReference; lastKnownFileType = sourcecode.c.objc; path = FirstViewController.m; sourceTree = "<group>"; };
		BCA8623D1B10150F00BD22DA /* SecondViewController.h */ = {isa = PBXFileReference; lastKnownFileType = sourcecode.c.h; path = SecondViewController.h; sourceTree = "<group>"; };
		BCA8623E1B10150F00BD22DA /* SecondViewController.m */ = {isa = PBXFileReference; lastKnownFileType = sourcecode.c.objc; path = SecondViewController.m; sourceTree = "<group>"; };
		BCA862411B10150F00BD22DA /* Base */ = {isa = PBXFileReference; lastKnownFileType = file.storyboard; name = Base; path = Base.lproj/Main.storyboard; sourceTree = "<group>"; };
		BCA862431B10150F00BD22DA /* Images.xcassets */ = {isa = PBXFileReference; lastKnownFileType = folder.assetcatalog; path = Images.xcassets; sourceTree = "<group>"; };
		BCA862461B10150F00BD22DA /* Base */ = {isa = PBXFileReference; lastKnownFileType = file.xib; name = Base; path = Base.lproj/LaunchScreen.xib; sourceTree = "<group>"; };
		BCA8624C1B10150F00BD22DA /* KRKitDemoTests.xctest */ = {isa = PBXFileReference; explicitFileType = wrapper.cfbundle; includeInIndex = 0; path = KRKitDemoTests.xctest; sourceTree = BUILT_PRODUCTS_DIR; };
		BCA862511B10150F00BD22DA /* Info.plist */ = {isa = PBXFileReference; lastKnownFileType = text.plist.xml; path = Info.plist; sourceTree = "<group>"; };
		BCA862521B10150F00BD22DA /* KRKitDemoTests.m */ = {isa = PBXFileReference; lastKnownFileType = sourcecode.c.objc; path = KRKitDemoTests.m; sourceTree = "<group>"; };
		BCA8625A1B1015A900BD22DA /* KRKitDemo-prefix.pch */ = {isa = PBXFileReference; fileEncoding = 4; lastKnownFileType = sourcecode.c.h; path = "KRKitDemo-prefix.pch"; sourceTree = "<group>"; };
		BCC159301AFB518A0084AC72 /* KRMacro.h */ = {isa = PBXFileReference; fileEncoding = 4; lastKnownFileType = sourcecode.c.h; path = KRMacro.h; sourceTree = "<group>"; };
		BCCF014A1AFE2D3800941B4E /* KRImageLabelView.h */ = {isa = PBXFileReference; fileEncoding = 4; lastKnownFileType = sourcecode.c.h; path = KRImageLabelView.h; sourceTree = "<group>"; };
		BCCF014B1AFE2D3800941B4E /* KRImageLabelView.m */ = {isa = PBXFileReference; fileEncoding = 4; lastKnownFileType = sourcecode.c.objc; path = KRImageLabelView.m; sourceTree = "<group>"; };
/* End PBXFileReference section */

/* Begin PBXFrameworksBuildPhase section */
		BC79712C1AF1E3090073F077 /* Frameworks */ = {
			isa = PBXFrameworksBuildPhase;
			buildActionMask = 2147483647;
			files = (
			);
			runOnlyForDeploymentPostprocessing = 0;
		};
		BC7971381AF1E3090073F077 /* Frameworks */ = {
			isa = PBXFrameworksBuildPhase;
			buildActionMask = 2147483647;
			files = (
				BC79713C1AF1E3090073F077 /* KRKit.framework in Frameworks */,
			);
			runOnlyForDeploymentPostprocessing = 0;
		};
		BCA8622E1B10150F00BD22DA /* Frameworks */ = {
			isa = PBXFrameworksBuildPhase;
			buildActionMask = 2147483647;
			files = (
				BCA8625E1B10186300BD22DA /* KRKit.framework in Frameworks */,
			);
			runOnlyForDeploymentPostprocessing = 0;
		};
		BCA862491B10150F00BD22DA /* Frameworks */ = {
			isa = PBXFrameworksBuildPhase;
			buildActionMask = 2147483647;
			files = (
			);
			runOnlyForDeploymentPostprocessing = 0;
		};
/* End PBXFrameworksBuildPhase section */

/* Begin PBXGroup section */
		21F56C2D1AF22B6700E47BD8 /* UIKit */ = {
			isa = PBXGroup;
			children = (
				21F56C2E1AF22B6700E47BD8 /* UIImage+KRKit.h */,
				21F56C2F1AF22B6700E47BD8 /* UIImage+KRKit.m */,
				21F56C301AF22B6700E47BD8 /* UIImageView+KRKit.h */,
				21F56C311AF22B6700E47BD8 /* UIImageView+KRKit.m */,
				21F56C321AF22B6700E47BD8 /* UIView+KRKit.h */,
				21F56C331AF22B6700E47BD8 /* UIView+KRKit.m */,
				BC6CBF851AF8C9C900BC45C5 /* UIColor+KRKit.h */,
				BC6CBF861AF8C9C900BC45C5 /* UIColor+KRKit.m */,
			);
			path = UIKit;
			sourceTree = "<group>";
		};
		BC7971261AF1E3080073F077 = {
			isa = PBXGroup;
			children = (
				BC7971321AF1E3090073F077 /* KRKit */,
				BC79713F1AF1E3090073F077 /* KRKitTests */,
				BCA862321B10150F00BD22DA /* KRKitDemo */,
				BCA8624F1B10150F00BD22DA /* KRKitDemoTests */,
				BC7971311AF1E3090073F077 /* Products */,
			);
			sourceTree = "<group>";
		};
		BC7971311AF1E3090073F077 /* Products */ = {
			isa = PBXGroup;
			children = (
				BC7971301AF1E3090073F077 /* KRKit.framework */,
				BC79713B1AF1E3090073F077 /* KRKitTests.xctest */,
				BCA862311B10150F00BD22DA /* KRKitDemo.app */,
				BCA8624C1B10150F00BD22DA /* KRKitDemoTests.xctest */,
			);
			name = Products;
			sourceTree = "<group>";
		};
		BC7971321AF1E3090073F077 /* KRKit */ = {
			isa = PBXGroup;
			children = (
				BC7971721AF2005A0073F077 /* Source */,
				BC7971331AF1E3090073F077 /* Supporting Files */,
			);
			path = KRKit;
			sourceTree = "<group>";
		};
		BC7971331AF1E3090073F077 /* Supporting Files */ = {
			isa = PBXGroup;
			children = (
				BC7971341AF1E3090073F077 /* Info.plist */,
			);
			name = "Supporting Files";
			sourceTree = "<group>";
		};
		BC79713F1AF1E3090073F077 /* KRKitTests */ = {
			isa = PBXGroup;
			children = (
				BC7971421AF1E3090073F077 /* KRKitTests.m */,
				BC7971401AF1E3090073F077 /* Supporting Files */,
			);
			path = KRKitTests;
			sourceTree = "<group>";
		};
		BC7971401AF1E3090073F077 /* Supporting Files */ = {
			isa = PBXGroup;
			children = (
				BC7971411AF1E3090073F077 /* Info.plist */,
			);
			name = "Supporting Files";
			sourceTree = "<group>";
		};
		BC7971721AF2005A0073F077 /* Source */ = {
			isa = PBXGroup;
			children = (
				BC7971871AF2005A0073F077 /* KRKit.h */,
				BCCF01491AFE2CFF00941B4E /* UI Component */,
				BCC1592F1AFB51240084AC72 /* Macro */,
				BC7971731AF2005A0073F077 /* Categories */,
			);
			path = Source;
			sourceTree = "<group>";
		};
		BC7971731AF2005A0073F077 /* Categories */ = {
			isa = PBXGroup;
			children = (
				BC7971741AF2005A0073F077 /* Foundation */,
				21F56C2D1AF22B6700E47BD8 /* UIKit */,
			);
			path = Categories;
			sourceTree = "<group>";
		};
		BC7971741AF2005A0073F077 /* Foundation */ = {
			isa = PBXGroup;
			children = (
				BC7971751AF2005A0073F077 /* NSArray+KRKit.h */,
				BC7971761AF2005A0073F077 /* NSArray+KRKit.m */,
				BC7971771AF2005A0073F077 /* NSDictionary+KRKit.h */,
				BC7971781AF2005A0073F077 /* NSDictionary+KRKit.m */,
				BC7971791AF2005A0073F077 /* NSMutableArray+KRKit.h */,
				BC79717A1AF2005A0073F077 /* NSMutableArray+KRKit.m */,
				BC79717B1AF2005A0073F077 /* NSMutableDictionary+KRKit.h */,
				BC79717C1AF2005A0073F077 /* NSMutableDictionary+KRKit.m */,
				BC79717F1AF2005A0073F077 /* NSMutableString+KRKit.h */,
				BC7971801AF2005A0073F077 /* NSMutableString+KRKit.m */,
				BC7971811AF2005A0073F077 /* NSObject+KRKit.h */,
				BC7971821AF2005A0073F077 /* NSObject+KRKit.m */,
				BC7971851AF2005A0073F077 /* NSString+KRKit.h */,
				BC7971861AF2005A0073F077 /* NSString+KRKit.m */,
				BC7972031AF21FF10073F077 /* NSAttributedString+KRKit.h */,
				BC7972041AF21FF10073F077 /* NSAttributedString+KRKit.m */,
				BC7972071AF220630073F077 /* NSMutableAttributedString+KRKit.h */,
				BC7972081AF220630073F077 /* NSMutableAttributedString+KRKit.m */,
			);
			path = Foundation;
			sourceTree = "<group>";
		};
		BCA862321B10150F00BD22DA /* KRKitDemo */ = {
			isa = PBXGroup;
			children = (
				BCA862371B10150F00BD22DA /* AppDelegate.h */,
				BCA862381B10150F00BD22DA /* AppDelegate.m */,
				BCA8623A1B10150F00BD22DA /* FirstViewController.h */,
				BCA8623B1B10150F00BD22DA /* FirstViewController.m */,
				BCA8623D1B10150F00BD22DA /* SecondViewController.h */,
				BCA8623E1B10150F00BD22DA /* SecondViewController.m */,
				BCA862401B10150F00BD22DA /* Main.storyboard */,
				BCA862431B10150F00BD22DA /* Images.xcassets */,
				BCA862451B10150F00BD22DA /* LaunchScreen.xib */,
				BCA8625A1B1015A900BD22DA /* KRKitDemo-prefix.pch */,
				BCA862331B10150F00BD22DA /* Supporting Files */,
			);
			path = KRKitDemo;
			sourceTree = "<group>";
		};
		BCA862331B10150F00BD22DA /* Supporting Files */ = {
			isa = PBXGroup;
			children = (
				BCA862341B10150F00BD22DA /* Info.plist */,
				BCA862351B10150F00BD22DA /* main.m */,
			);
			name = "Supporting Files";
			sourceTree = "<group>";
		};
		BCA8624F1B10150F00BD22DA /* KRKitDemoTests */ = {
			isa = PBXGroup;
			children = (
				BCA862521B10150F00BD22DA /* KRKitDemoTests.m */,
				BCA862501B10150F00BD22DA /* Supporting Files */,
			);
			path = KRKitDemoTests;
			sourceTree = "<group>";
		};
		BCA862501B10150F00BD22DA /* Supporting Files */ = {
			isa = PBXGroup;
			children = (
				BCA862511B10150F00BD22DA /* Info.plist */,
			);
			name = "Supporting Files";
			sourceTree = "<group>";
		};
		BCC1592F1AFB51240084AC72 /* Macro */ = {
			isa = PBXGroup;
			children = (
				BCC159301AFB518A0084AC72 /* KRMacro.h */,
			);
			path = Macro;
			sourceTree = "<group>";
		};
		BCCF01491AFE2CFF00941B4E /* UI Component */ = {
			isa = PBXGroup;
			children = (
				BCCF014A1AFE2D3800941B4E /* KRImageLabelView.h */,
				BCCF014B1AFE2D3800941B4E /* KRImageLabelView.m */,
			);
			path = "UI Component";
			sourceTree = "<group>";
		};
/* End PBXGroup section */

/* Begin PBXHeadersBuildPhase section */
		BC79712D1AF1E3090073F077 /* Headers */ = {
			isa = PBXHeadersBuildPhase;
			buildActionMask = 2147483647;
			files = (
				BC7971921AF2005A0073F077 /* NSMutableString+KRKit.h in Headers */,
				BC7972051AF21FF10073F077 /* NSAttributedString+KRKit.h in Headers */,
				BC7971881AF2005A0073F077 /* NSArray+KRKit.h in Headers */,
				BC79718C1AF2005A0073F077 /* NSMutableArray+KRKit.h in Headers */,
				BC79718E1AF2005A0073F077 /* NSMutableDictionary+KRKit.h in Headers */,
				21F56C361AF22B6700E47BD8 /* UIImageView+KRKit.h in Headers */,
				BC6CBF871AF8C9C900BC45C5 /* UIColor+KRKit.h in Headers */,
				21F56C381AF22B6700E47BD8 /* UIView+KRKit.h in Headers */,
				BC79719A1AF2005A0073F077 /* KRKit.h in Headers */,
				BCCF014C1AFE2D3800941B4E /* KRImageLabelView.h in Headers */,
				BC7971941AF2005A0073F077 /* NSObject+KRKit.h in Headers */,
				BC7972091AF220630073F077 /* NSMutableAttributedString+KRKit.h in Headers */,
				BC79718A1AF2005A0073F077 /* NSDictionary+KRKit.h in Headers */,
				BC7971981AF2005A0073F077 /* NSString+KRKit.h in Headers */,
				21F56C341AF22B6700E47BD8 /* UIImage+KRKit.h in Headers */,
			);
			runOnlyForDeploymentPostprocessing = 0;
		};
		BC7971F71AF205AE0073F077 /* Headers */ = {
			isa = PBXHeadersBuildPhase;
			buildActionMask = 2147483647;
			files = (
			);
			runOnlyForDeploymentPostprocessing = 0;
		};
/* End PBXHeadersBuildPhase section */

/* Begin PBXNativeTarget section */
		BC79712F1AF1E3090073F077 /* KRKit */ = {
			isa = PBXNativeTarget;
			buildConfigurationList = BC7971461AF1E3090073F077 /* Build configuration list for PBXNativeTarget "KRKit" */;
			buildPhases = (
				BC79712B1AF1E3090073F077 /* Sources */,
				BC79712C1AF1E3090073F077 /* Frameworks */,
				BC79712D1AF1E3090073F077 /* Headers */,
				BC79712E1AF1E3090073F077 /* Resources */,
			);
			buildRules = (
			);
			dependencies = (
			);
			name = KRKit;
			productName = KRKit;
			productReference = BC7971301AF1E3090073F077 /* KRKit.framework */;
			productType = "com.apple.product-type.framework";
		};
		BC79713A1AF1E3090073F077 /* KRKitTests */ = {
			isa = PBXNativeTarget;
			buildConfigurationList = BC7971491AF1E3090073F077 /* Build configuration list for PBXNativeTarget "KRKitTests" */;
			buildPhases = (
				BC7971371AF1E3090073F077 /* Sources */,
				BC7971381AF1E3090073F077 /* Frameworks */,
				BC7971391AF1E3090073F077 /* Resources */,
				BC7971F71AF205AE0073F077 /* Headers */,
			);
			buildRules = (
			);
			dependencies = (
				BC79713E1AF1E3090073F077 /* PBXTargetDependency */,
			);
			name = KRKitTests;
			productName = KRKitTests;
			productReference = BC79713B1AF1E3090073F077 /* KRKitTests.xctest */;
			productType = "com.apple.product-type.bundle.unit-test";
		};
		BCA862301B10150F00BD22DA /* KRKitDemo */ = {
			isa = PBXNativeTarget;
			buildConfigurationList = BCA862581B10150F00BD22DA /* Build configuration list for PBXNativeTarget "KRKitDemo" */;
			buildPhases = (
				BCA8622D1B10150F00BD22DA /* Sources */,
				BCA8622E1B10150F00BD22DA /* Frameworks */,
				BCA8622F1B10150F00BD22DA /* Resources */,
				BCA862631B10187C00BD22DA /* Embed Frameworks */,
			);
			buildRules = (
			);
			dependencies = (
				BCA862601B10186600BD22DA /* PBXTargetDependency */,
			);
			name = KRKitDemo;
			productName = KRKitDemo;
			productReference = BCA862311B10150F00BD22DA /* KRKitDemo.app */;
			productType = "com.apple.product-type.application";
		};
		BCA8624B1B10150F00BD22DA /* KRKitDemoTests */ = {
			isa = PBXNativeTarget;
			buildConfigurationList = BCA862591B10150F00BD22DA /* Build configuration list for PBXNativeTarget "KRKitDemoTests" */;
			buildPhases = (
				BCA862481B10150F00BD22DA /* Sources */,
				BCA862491B10150F00BD22DA /* Frameworks */,
				BCA8624A1B10150F00BD22DA /* Resources */,
			);
			buildRules = (
			);
			dependencies = (
				BCA8624E1B10150F00BD22DA /* PBXTargetDependency */,
			);
			name = KRKitDemoTests;
			productName = KRKitDemoTests;
			productReference = BCA8624C1B10150F00BD22DA /* KRKitDemoTests.xctest */;
			productType = "com.apple.product-type.bundle.unit-test";
		};
/* End PBXNativeTarget section */

/* Begin PBXProject section */
		BC7971271AF1E3080073F077 /* Project object */ = {
			isa = PBXProject;
			attributes = {
				LastUpgradeCheck = 0630;
				ORGANIZATIONNAME = 36kr;
				TargetAttributes = {
					BC79712F1AF1E3090073F077 = {
						CreatedOnToolsVersion = 6.3.1;
					};
					BC79713A1AF1E3090073F077 = {
						CreatedOnToolsVersion = 6.3.1;
					};
					BCA862301B10150F00BD22DA = {
						CreatedOnToolsVersion = 6.3.1;
					};
					BCA8624B1B10150F00BD22DA = {
						CreatedOnToolsVersion = 6.3.1;
						TestTargetID = BCA862301B10150F00BD22DA;
					};
				};
			};
			buildConfigurationList = BC79712A1AF1E3080073F077 /* Build configuration list for PBXProject "KRKit" */;
			compatibilityVersion = "Xcode 3.2";
			developmentRegion = English;
			hasScannedForEncodings = 0;
			knownRegions = (
				en,
				Base,
			);
			mainGroup = BC7971261AF1E3080073F077;
			productRefGroup = BC7971311AF1E3090073F077 /* Products */;
			projectDirPath = "";
			projectRoot = "";
			targets = (
				BC79712F1AF1E3090073F077 /* KRKit */,
				BC79713A1AF1E3090073F077 /* KRKitTests */,
				BCA862301B10150F00BD22DA /* KRKitDemo */,
				BCA8624B1B10150F00BD22DA /* KRKitDemoTests */,
			);
		};
/* End PBXProject section */

/* Begin PBXResourcesBuildPhase section */
		BC79712E1AF1E3090073F077 /* Resources */ = {
			isa = PBXResourcesBuildPhase;
			buildActionMask = 2147483647;
			files = (
			);
			runOnlyForDeploymentPostprocessing = 0;
		};
		BC7971391AF1E3090073F077 /* Resources */ = {
			isa = PBXResourcesBuildPhase;
			buildActionMask = 2147483647;
			files = (
			);
			runOnlyForDeploymentPostprocessing = 0;
		};
		BCA8622F1B10150F00BD22DA /* Resources */ = {
			isa = PBXResourcesBuildPhase;
			buildActionMask = 2147483647;
			files = (
				BCA862421B10150F00BD22DA /* Main.storyboard in Resources */,
				BCA862471B10150F00BD22DA /* LaunchScreen.xib in Resources */,
				BCA862441B10150F00BD22DA /* Images.xcassets in Resources */,
			);
			runOnlyForDeploymentPostprocessing = 0;
		};
		BCA8624A1B10150F00BD22DA /* Resources */ = {
			isa = PBXResourcesBuildPhase;
			buildActionMask = 2147483647;
			files = (
			);
			runOnlyForDeploymentPostprocessing = 0;
		};
/* End PBXResourcesBuildPhase section */

/* Begin PBXSourcesBuildPhase section */
		BC79712B1AF1E3090073F077 /* Sources */ = {
			isa = PBXSourcesBuildPhase;
			buildActionMask = 2147483647;
			files = (
				BC79718B1AF2005A0073F077 /* NSDictionary+KRKit.m in Sources */,
				BC7971891AF2005A0073F077 /* NSArray+KRKit.m in Sources */,
				BC7971991AF2005A0073F077 /* NSString+KRKit.m in Sources */,
				BCC159311AFB518A0084AC72 /* KRMacro.h in Sources */,
				BCCF014D1AFE2D3800941B4E /* KRImageLabelView.m in Sources */,
				BC6CBF881AF8C9C900BC45C5 /* UIColor+KRKit.m in Sources */,
				BC79718D1AF2005A0073F077 /* NSMutableArray+KRKit.m in Sources */,
				BC7971931AF2005A0073F077 /* NSMutableString+KRKit.m in Sources */,
				BC79720A1AF220630073F077 /* NSMutableAttributedString+KRKit.m in Sources */,
				BC7972061AF21FF10073F077 /* NSAttributedString+KRKit.m in Sources */,
				21F56C371AF22B6700E47BD8 /* UIImageView+KRKit.m in Sources */,
				21F56C351AF22B6700E47BD8 /* UIImage+KRKit.m in Sources */,
				BC79718F1AF2005A0073F077 /* NSMutableDictionary+KRKit.m in Sources */,
				21F56C391AF22B6700E47BD8 /* UIView+KRKit.m in Sources */,
				BC7971951AF2005A0073F077 /* NSObject+KRKit.m in Sources */,
			);
			runOnlyForDeploymentPostprocessing = 0;
		};
		BC7971371AF1E3090073F077 /* Sources */ = {
			isa = PBXSourcesBuildPhase;
			buildActionMask = 2147483647;
			files = (
				BC7971431AF1E3090073F077 /* KRKitTests.m in Sources */,
			);
			runOnlyForDeploymentPostprocessing = 0;
		};
		BCA8622D1B10150F00BD22DA /* Sources */ = {
			isa = PBXSourcesBuildPhase;
			buildActionMask = 2147483647;
			files = (
				BCA8623F1B10150F00BD22DA /* SecondViewController.m in Sources */,
				BCA862391B10150F00BD22DA /* AppDelegate.m in Sources */,
				BCA8623C1B10150F00BD22DA /* FirstViewController.m in Sources */,
				BCA862361B10150F00BD22DA /* main.m in Sources */,
			);
			runOnlyForDeploymentPostprocessing = 0;
		};
		BCA862481B10150F00BD22DA /* Sources */ = {
			isa = PBXSourcesBuildPhase;
			buildActionMask = 2147483647;
			files = (
				BCA862531B10150F00BD22DA /* KRKitDemoTests.m in Sources */,
			);
			runOnlyForDeploymentPostprocessing = 0;
		};
/* End PBXSourcesBuildPhase section */

/* Begin PBXTargetDependency section */
		BC79713E1AF1E3090073F077 /* PBXTargetDependency */ = {
			isa = PBXTargetDependency;
			target = BC79712F1AF1E3090073F077 /* KRKit */;
			targetProxy = BC79713D1AF1E3090073F077 /* PBXContainerItemProxy */;
		};
		BCA8624E1B10150F00BD22DA /* PBXTargetDependency */ = {
			isa = PBXTargetDependency;
			target = BCA862301B10150F00BD22DA /* KRKitDemo */;
			targetProxy = BCA8624D1B10150F00BD22DA /* PBXContainerItemProxy */;
		};
		BCA862601B10186600BD22DA /* PBXTargetDependency */ = {
			isa = PBXTargetDependency;
			target = BC79712F1AF1E3090073F077 /* KRKit */;
			targetProxy = BCA8625F1B10186600BD22DA /* PBXContainerItemProxy */;
		};
/* End PBXTargetDependency section */

/* Begin PBXVariantGroup section */
		BCA862401B10150F00BD22DA /* Main.storyboard */ = {
			isa = PBXVariantGroup;
			children = (
				BCA862411B10150F00BD22DA /* Base */,
			);
			name = Main.storyboard;
			sourceTree = "<group>";
		};
		BCA862451B10150F00BD22DA /* LaunchScreen.xib */ = {
			isa = PBXVariantGroup;
			children = (
				BCA862461B10150F00BD22DA /* Base */,
			);
			name = LaunchScreen.xib;
			sourceTree = "<group>";
		};
/* End PBXVariantGroup section */

/* Begin XCBuildConfiguration section */
		BC7971441AF1E3090073F077 /* Debug */ = {
			isa = XCBuildConfiguration;
			buildSettings = {
				ALWAYS_SEARCH_USER_PATHS = NO;
				CLANG_CXX_LANGUAGE_STANDARD = "gnu++0x";
				CLANG_CXX_LIBRARY = "libc++";
				CLANG_ENABLE_MODULES = YES;
				CLANG_ENABLE_OBJC_ARC = YES;
				CLANG_WARN_BOOL_CONVERSION = YES;
				CLANG_WARN_CONSTANT_CONVERSION = YES;
				CLANG_WARN_DIRECT_OBJC_ISA_USAGE = YES_ERROR;
				CLANG_WARN_EMPTY_BODY = YES;
				CLANG_WARN_ENUM_CONVERSION = YES;
				CLANG_WARN_INT_CONVERSION = YES;
				CLANG_WARN_OBJC_ROOT_CLASS = YES_ERROR;
				CLANG_WARN_UNREACHABLE_CODE = YES;
				CLANG_WARN__DUPLICATE_METHOD_MATCH = YES;
				"CODE_SIGN_IDENTITY[sdk=iphoneos*]" = "iPhone Developer";
				COPY_PHASE_STRIP = NO;
				CURRENT_PROJECT_VERSION = 1;
				DEBUG_INFORMATION_FORMAT = "dwarf-with-dsym";
				ENABLE_STRICT_OBJC_MSGSEND = YES;
				GCC_C_LANGUAGE_STANDARD = gnu99;
				GCC_DYNAMIC_NO_PIC = NO;
				GCC_NO_COMMON_BLOCKS = YES;
				GCC_OPTIMIZATION_LEVEL = 0;
				GCC_PREPROCESSOR_DEFINITIONS = (
					"DEBUG=1",
					"$(inherited)",
				);
				GCC_SYMBOLS_PRIVATE_EXTERN = NO;
				GCC_WARN_64_TO_32_BIT_CONVERSION = YES;
				GCC_WARN_ABOUT_RETURN_TYPE = YES_ERROR;
				GCC_WARN_UNDECLARED_SELECTOR = YES;
				GCC_WARN_UNINITIALIZED_AUTOS = YES_AGGRESSIVE;
				GCC_WARN_UNUSED_FUNCTION = YES;
				GCC_WARN_UNUSED_VARIABLE = YES;
				IPHONEOS_DEPLOYMENT_TARGET = 8.3;
				MTL_ENABLE_DEBUG_INFO = YES;
				ONLY_ACTIVE_ARCH = YES;
				SDKROOT = iphoneos;
				TARGETED_DEVICE_FAMILY = "1,2";
				VERSIONING_SYSTEM = "apple-generic";
				VERSION_INFO_PREFIX = "";
			};
			name = Debug;
		};
		BC7971451AF1E3090073F077 /* Release */ = {
			isa = XCBuildConfiguration;
			buildSettings = {
				ALWAYS_SEARCH_USER_PATHS = NO;
				CLANG_CXX_LANGUAGE_STANDARD = "gnu++0x";
				CLANG_CXX_LIBRARY = "libc++";
				CLANG_ENABLE_MODULES = YES;
				CLANG_ENABLE_OBJC_ARC = YES;
				CLANG_WARN_BOOL_CONVERSION = YES;
				CLANG_WARN_CONSTANT_CONVERSION = YES;
				CLANG_WARN_DIRECT_OBJC_ISA_USAGE = YES_ERROR;
				CLANG_WARN_EMPTY_BODY = YES;
				CLANG_WARN_ENUM_CONVERSION = YES;
				CLANG_WARN_INT_CONVERSION = YES;
				CLANG_WARN_OBJC_ROOT_CLASS = YES_ERROR;
				CLANG_WARN_UNREACHABLE_CODE = YES;
				CLANG_WARN__DUPLICATE_METHOD_MATCH = YES;
				"CODE_SIGN_IDENTITY[sdk=iphoneos*]" = "iPhone Developer";
				COPY_PHASE_STRIP = NO;
				CURRENT_PROJECT_VERSION = 1;
				DEBUG_INFORMATION_FORMAT = "dwarf-with-dsym";
				ENABLE_NS_ASSERTIONS = NO;
				ENABLE_STRICT_OBJC_MSGSEND = YES;
				GCC_C_LANGUAGE_STANDARD = gnu99;
				GCC_NO_COMMON_BLOCKS = YES;
				GCC_WARN_64_TO_32_BIT_CONVERSION = YES;
				GCC_WARN_ABOUT_RETURN_TYPE = YES_ERROR;
				GCC_WARN_UNDECLARED_SELECTOR = YES;
				GCC_WARN_UNINITIALIZED_AUTOS = YES_AGGRESSIVE;
				GCC_WARN_UNUSED_FUNCTION = YES;
				GCC_WARN_UNUSED_VARIABLE = YES;
				IPHONEOS_DEPLOYMENT_TARGET = 8.3;
				MTL_ENABLE_DEBUG_INFO = NO;
				SDKROOT = iphoneos;
				TARGETED_DEVICE_FAMILY = "1,2";
				VALIDATE_PRODUCT = YES;
				VERSIONING_SYSTEM = "apple-generic";
				VERSION_INFO_PREFIX = "";
			};
			name = Release;
		};
		BC7971471AF1E3090073F077 /* Debug */ = {
			isa = XCBuildConfiguration;
			buildSettings = {
				DEFINES_MODULE = YES;
				DYLIB_COMPATIBILITY_VERSION = 1;
				DYLIB_CURRENT_VERSION = 1;
				DYLIB_INSTALL_NAME_BASE = "@rpath";
				INFOPLIST_FILE = KRKit/Info.plist;
				INSTALL_PATH = "$(LOCAL_LIBRARY_DIR)/Frameworks";
				IPHONEOS_DEPLOYMENT_TARGET = 8.0;
				LD_RUNPATH_SEARCH_PATHS = "$(inherited) @executable_path/Frameworks @loader_path/Frameworks";
				PRODUCT_NAME = "$(TARGET_NAME)";
				SKIP_INSTALL = YES;
			};
			name = Debug;
		};
		BC7971481AF1E3090073F077 /* Release */ = {
			isa = XCBuildConfiguration;
			buildSettings = {
				DEFINES_MODULE = YES;
				DYLIB_COMPATIBILITY_VERSION = 1;
				DYLIB_CURRENT_VERSION = 1;
				DYLIB_INSTALL_NAME_BASE = "@rpath";
				INFOPLIST_FILE = KRKit/Info.plist;
				INSTALL_PATH = "$(LOCAL_LIBRARY_DIR)/Frameworks";
				IPHONEOS_DEPLOYMENT_TARGET = 8.0;
				LD_RUNPATH_SEARCH_PATHS = "$(inherited) @executable_path/Frameworks @loader_path/Frameworks";
				PRODUCT_NAME = "$(TARGET_NAME)";
				SKIP_INSTALL = YES;
			};
			name = Release;
		};
		BC79714A1AF1E3090073F077 /* Debug */ = {
			isa = XCBuildConfiguration;
			buildSettings = {
				FRAMEWORK_SEARCH_PATHS = (
					"$(SDKROOT)/Developer/Library/Frameworks",
					"$(inherited)",
				);
				GCC_PREPROCESSOR_DEFINITIONS = (
					"DEBUG=1",
					"$(inherited)",
				);
				INFOPLIST_FILE = KRKitTests/Info.plist;
				LD_RUNPATH_SEARCH_PATHS = "$(inherited) @executable_path/Frameworks @loader_path/Frameworks";
				PRODUCT_NAME = "$(TARGET_NAME)";
			};
			name = Debug;
		};
		BC79714B1AF1E3090073F077 /* Release */ = {
			isa = XCBuildConfiguration;
			buildSettings = {
				FRAMEWORK_SEARCH_PATHS = (
					"$(SDKROOT)/Developer/Library/Frameworks",
					"$(inherited)",
				);
				INFOPLIST_FILE = KRKitTests/Info.plist;
				LD_RUNPATH_SEARCH_PATHS = "$(inherited) @executable_path/Frameworks @loader_path/Frameworks";
				PRODUCT_NAME = "$(TARGET_NAME)";
			};
			name = Release;
		};
		BCA862541B10150F00BD22DA /* Debug */ = {
			isa = XCBuildConfiguration;
			buildSettings = {
				ASSETCATALOG_COMPILER_APPICON_NAME = AppIcon;
				GCC_PREFIX_HEADER = "${SRCROOT}/KRKitDemo/KRKitDemo-prefix.pch";
				GCC_PREPROCESSOR_DEFINITIONS = (
					"DEBUG=1",
					"$(inherited)",
				);
				INFOPLIST_FILE = KRKitDemo/Info.plist;
				IPHONEOS_DEPLOYMENT_TARGET = 8.0;
				LD_RUNPATH_SEARCH_PATHS = "$(inherited) @executable_path/Frameworks";
				PRODUCT_NAME = "$(TARGET_NAME)";
			};
			name = Debug;
		};
		BCA862551B10150F00BD22DA /* Release */ = {
			isa = XCBuildConfiguration;
			buildSettings = {
				ASSETCATALOG_COMPILER_APPICON_NAME = AppIcon;
				GCC_PREFIX_HEADER = "${SRCROOT}/KRKitDemo/KRKitDemo-prefix.pch";
				INFOPLIST_FILE = KRKitDemo/Info.plist;
				IPHONEOS_DEPLOYMENT_TARGET = 8.0;
				LD_RUNPATH_SEARCH_PATHS = "$(inherited) @executable_path/Frameworks";
				PRODUCT_NAME = "$(TARGET_NAME)";
			};
			name = Release;
		};
		BCA862561B10150F00BD22DA /* Debug */ = {
			isa = XCBuildConfiguration;
			buildSettings = {
				BUNDLE_LOADER = "$(TEST_HOST)";
				FRAMEWORK_SEARCH_PATHS = (
					"$(SDKROOT)/Developer/Library/Frameworks",
					"$(inherited)",
				);
				GCC_PREPROCESSOR_DEFINITIONS = (
					"DEBUG=1",
					"$(inherited)",
				);
				INFOPLIST_FILE = KRKitDemoTests/Info.plist;
				LD_RUNPATH_SEARCH_PATHS = "$(inherited) @executable_path/Frameworks @loader_path/Frameworks";
				PRODUCT_NAME = "$(TARGET_NAME)";
				TEST_HOST = "$(BUILT_PRODUCTS_DIR)/KRKitDemo.app/KRKitDemo";
			};
			name = Debug;
		};
		BCA862571B10150F00BD22DA /* Release */ = {
			isa = XCBuildConfiguration;
			buildSettings = {
				BUNDLE_LOADER = "$(TEST_HOST)";
				FRAMEWORK_SEARCH_PATHS = (
					"$(SDKROOT)/Developer/Library/Frameworks",
					"$(inherited)",
				);
				INFOPLIST_FILE = KRKitDemoTests/Info.plist;
				LD_RUNPATH_SEARCH_PATHS = "$(inherited) @executable_path/Frameworks @loader_path/Frameworks";
				PRODUCT_NAME = "$(TARGET_NAME)";
				TEST_HOST = "$(BUILT_PRODUCTS_DIR)/KRKitDemo.app/KRKitDemo";
			};
			name = Release;
		};
/* End XCBuildConfiguration section */

/* Begin XCConfigurationList section */
		BC79712A1AF1E3080073F077 /* Build configuration list for PBXProject "KRKit" */ = {
			isa = XCConfigurationList;
			buildConfigurations = (
				BC7971441AF1E3090073F077 /* Debug */,
				BC7971451AF1E3090073F077 /* Release */,
			);
			defaultConfigurationIsVisible = 0;
			defaultConfigurationName = Release;
		};
		BC7971461AF1E3090073F077 /* Build configuration list for PBXNativeTarget "KRKit" */ = {
			isa = XCConfigurationList;
			buildConfigurations = (
				BC7971471AF1E3090073F077 /* Debug */,
				BC7971481AF1E3090073F077 /* Release */,
			);
			defaultConfigurationIsVisible = 0;
			defaultConfigurationName = Release;
		};
		BC7971491AF1E3090073F077 /* Build configuration list for PBXNativeTarget "KRKitTests" */ = {
			isa = XCConfigurationList;
			buildConfigurations = (
				BC79714A1AF1E3090073F077 /* Debug */,
				BC79714B1AF1E3090073F077 /* Release */,
			);
			defaultConfigurationIsVisible = 0;
			defaultConfigurationName = Release;
		};
		BCA862581B10150F00BD22DA /* Build configuration list for PBXNativeTarget "KRKitDemo" */ = {
			isa = XCConfigurationList;
			buildConfigurations = (
				BCA862541B10150F00BD22DA /* Debug */,
				BCA862551B10150F00BD22DA /* Release */,
			);
			defaultConfigurationIsVisible = 0;
		};
		BCA862591B10150F00BD22DA /* Build configuration list for PBXNativeTarget "KRKitDemoTests" */ = {
			isa = XCConfigurationList;
			buildConfigurations = (
				BCA862561B10150F00BD22DA /* Debug */,
				BCA862571B10150F00BD22DA /* Release */,
			);
			defaultConfigurationIsVisible = 0;
		};
/* End XCConfigurationList section */
	};
	rootObject = BC7971271AF1E3080073F077 /* Project object */;
}
